
Microsoft Visual Studio Solution File, Format Version 12.00
# Visual Studio Version 16
VisualStudioVersion = 16.0.28803.352
MinimumVisualStudioVersion = 10.0.40219.1
Project("{FAE04EC0-301F-11D3-BF4B-00C04F79EFBC}") = "3DEngine", "3DEngine\3DEngine.csproj", "{C934EBD7-DD53-4228-86D4-AD65A9FCC9E6}"
EndProject
Global
	GlobalSection(SolutionConfigurationPlatforms) = preSolution
		Debug|Any CPU = Debug|Any CPU
		Release|Any CPU = Release|Any CPU
	EndGlobalSection
	GlobalSection(ProjectConfigurationPlatforms) = postSolution
		{C934EBD7-DD53-4228-86D4-AD65A9FCC9E6}.Debug|Any CPU.ActiveCfg = Debug|Any CPU
		{C934EBD7-DD53-4228-86D4-AD65A9FCC9E6}.Debug|Any CPU.Build.0 = Debug|Any CPU
		{C934EBD7-DD53-4228-86D4-AD65A9FCC9E6}.Release|Any CPU.ActiveCfg = Release|Any CPU
		{C934EBD7-DD53-4228-86D4-AD65A9FCC9E6}.Release|Any CPU.Build.0 = Release|Any CPU
	EndGlobalSection
	GlobalSection(SolutionProperties) = preSolution
		HideSolutionNode = FALSE
	EndGlobalSection
	GlobalSection(ExtensibilityGlobals) = postSolution
		SolutionGuid = {8E2B8B6B-22D1-4F4D-AD95-05616F5A60D6}
	EndGlobalSection
EndGlobal
